Microsoft Visual Studio Solution File, Format Version 7.00
Project("{FAE04EC0-301F-11D3-BF4B-00C04F79EFBC}") = "ch6_2", "ch6_2.csproj", "{48672E4C-A9C9-45A1-AC66-34D97B080722}"
EndProject
Global
	GlobalSection(SolutionConfiguration) = preSolution
		ConfigName.0 = Debug
		ConfigName.1 = Release
	EndGlobalSection
	GlobalSection(ProjectDependencies) = postSolution
	EndGlobalSection
	GlobalSection(ProjectConfiguration) = postSolution
		{48672E4C-A9C9-45A1-AC66-34D97B080722}.Debug.ActiveCfg = Debug|.NET
		{48672E4C-A9C9-45A1-AC66-34D97B080722}.Debug.Build.0 = Debug|.NET
		{48672E4C-A9C9-45A1-AC66-34D97B080722}.Release.ActiveCfg = Release|.NET
		{48672E4C-A9C9-45A1-AC66-34D97B080722}.Release.Build.0 = Release|.NET
	EndGlobalSection
	GlobalSection(ExtensibilityGlobals) = postSolution
	EndGlobalSection
	GlobalSection(ExtensibilityAddIns) = postSolution
	EndGlobalSection
EndGlobal
