Microsoft Visual Studio Solution File, Format Version 7.00
Project("{FAE04EC0-301F-11D3-BF4B-00C04F79EFBC}") = "ch1_4", "ch1_4.csproj", "{BF468CD6-C309-4F35-91CB-4E4CBF25DBEB}"
EndProject
Global
	GlobalSection(SolutionConfiguration) = preSolution
		ConfigName.0 = Debug
		ConfigName.1 = Release
	EndGlobalSection
	GlobalSection(ProjectDependencies) = postSolution
	EndGlobalSection
	GlobalSection(ProjectConfiguration) = postSolution
		{BF468CD6-C309-4F35-91CB-4E4CBF25DBEB}.Debug.ActiveCfg = Debug|.NET
		{BF468CD6-C309-4F35-91CB-4E4CBF25DBEB}.Debug.Build.0 = Debug|.NET
		{BF468CD6-C309-4F35-91CB-4E4CBF25DBEB}.Release.ActiveCfg = Release|.NET
		{BF468CD6-C309-4F35-91CB-4E4CBF25DBEB}.Release.Build.0 = Release|.NET
	EndGlobalSection
	GlobalSection(ExtensibilityGlobals) = postSolution
	EndGlobalSection
	GlobalSection(ExtensibilityAddIns) = postSolution
	EndGlobalSection
EndGlobal
