Microsoft Visual Studio Solution File, Format Version 7.00
Project("{FAE04EC0-301F-11D3-BF4B-00C04F79EFBC}") = "ch1_6", "ch1_6.csproj", "{AAFC6492-69C6-42B0-A8F1-EAEC2E33D01B}"
EndProject
Global
	GlobalSection(SolutionConfiguration) = preSolution
		ConfigName.0 = Debug
		ConfigName.1 = Release
	EndGlobalSection
	GlobalSection(ProjectDependencies) = postSolution
	EndGlobalSection
	GlobalSection(ProjectConfiguration) = postSolution
		{AAFC6492-69C6-42B0-A8F1-EAEC2E33D01B}.Debug.ActiveCfg = Debug|.NET
		{AAFC6492-69C6-42B0-A8F1-EAEC2E33D01B}.Debug.Build.0 = Debug|.NET
		{AAFC6492-69C6-42B0-A8F1-EAEC2E33D01B}.Release.ActiveCfg = Release|.NET
		{AAFC6492-69C6-42B0-A8F1-EAEC2E33D01B}.Release.Build.0 = Release|.NET
	EndGlobalSection
	GlobalSection(ExtensibilityGlobals) = postSolution
	EndGlobalSection
	GlobalSection(ExtensibilityAddIns) = postSolution
	EndGlobalSection
EndGlobal
