
Microsoft Visual Studio Solution File, Format Version 12.00
# Visual Studio 2012
Project("{FAE04EC0-301F-11D3-BF4B-00C04F79EFBC}") = "Login", "Login\Login.csproj", "{18D62262-B8B2-4E5E-B98E-A5E18B86CE19}"
EndProject
Global
	GlobalSection(SolutionConfigurationPlatforms) = preSolution
		Debug|Any CPU = Debug|Any CPU
		Release|Any CPU = Release|Any CPU
	EndGlobalSection
	GlobalSection(ProjectConfigurationPlatforms) = postSolution
		{18D62262-B8B2-4E5E-B98E-A5E18B86CE19}.Debug|Any CPU.ActiveCfg = Debug|Any CPU
		{18D62262-B8B2-4E5E-B98E-A5E18B86CE19}.Debug|Any CPU.Build.0 = Debug|Any CPU
		{18D62262-B8B2-4E5E-B98E-A5E18B86CE19}.Release|Any CPU.ActiveCfg = Release|Any CPU
		{18D62262-B8B2-4E5E-B98E-A5E18B86CE19}.Release|Any CPU.Build.0 = Release|Any CPU
	EndGlobalSection
	GlobalSection(SolutionProperties) = preSolution
		HideSolutionNode = FALSE
	EndGlobalSection
EndGlobal
