Microsoft Visual Studio Solution File, Format Version 7.00
Project("{FAE04EC0-301F-11D3-BF4B-00C04F79EFBC}") = "ch3_9", "ch3_9.csproj", "{43056510-7E08-4E0A-BC6A-44466CA092FA}"
EndProject
Global
	GlobalSection(SolutionConfiguration) = preSolution
		ConfigName.0 = Debug
		ConfigName.1 = Release
	EndGlobalSection
	GlobalSection(ProjectDependencies) = postSolution
	EndGlobalSection
	GlobalSection(ProjectConfiguration) = postSolution
		{43056510-7E08-4E0A-BC6A-44466CA092FA}.Debug.ActiveCfg = Debug|.NET
		{43056510-7E08-4E0A-BC6A-44466CA092FA}.Debug.Build.0 = Debug|.NET
		{43056510-7E08-4E0A-BC6A-44466CA092FA}.Release.ActiveCfg = Release|.NET
		{43056510-7E08-4E0A-BC6A-44466CA092FA}.Release.Build.0 = Release|.NET
	EndGlobalSection
	GlobalSection(ExtensibilityGlobals) = postSolution
	EndGlobalSection
	GlobalSection(ExtensibilityAddIns) = postSolution
	EndGlobalSection
EndGlobal
