Microsoft Visual Studio Solution File, Format Version 7.00
Project("{FAE04EC0-301F-11D3-BF4B-00C04F79EFBC}") = "ch4_5", "ch4_5.csproj", "{05979F43-FF17-4AC3-A160-F2A4BE11E5C3}"
EndProject
Global
	GlobalSection(SolutionConfiguration) = preSolution
		ConfigName.0 = Debug
		ConfigName.1 = Release
	EndGlobalSection
	GlobalSection(ProjectDependencies) = postSolution
	EndGlobalSection
	GlobalSection(ProjectConfiguration) = postSolution
		{05979F43-FF17-4AC3-A160-F2A4BE11E5C3}.Debug.ActiveCfg = Debug|.NET
		{05979F43-FF17-4AC3-A160-F2A4BE11E5C3}.Debug.Build.0 = Debug|.NET
		{05979F43-FF17-4AC3-A160-F2A4BE11E5C3}.Release.ActiveCfg = Release|.NET
		{05979F43-FF17-4AC3-A160-F2A4BE11E5C3}.Release.Build.0 = Release|.NET
	EndGlobalSection
	GlobalSection(ExtensibilityGlobals) = postSolution
	EndGlobalSection
	GlobalSection(ExtensibilityAddIns) = postSolution
	EndGlobalSection
EndGlobal
