Microsoft Visual Studio Solution File, Format Version 7.00
Project("{FAE04EC0-301F-11D3-BF4B-00C04F79EFBC}") = "ch2_9", "ch2_9.csproj", "{5AE780EC-3512-4C53-87E6-1D68956A2D61}"
EndProject
Global
	GlobalSection(SolutionConfiguration) = preSolution
		ConfigName.0 = Debug
		ConfigName.1 = Release
	EndGlobalSection
	GlobalSection(ProjectDependencies) = postSolution
	EndGlobalSection
	GlobalSection(ProjectConfiguration) = postSolution
		{5AE780EC-3512-4C53-87E6-1D68956A2D61}.Debug.ActiveCfg = Debug|.NET
		{5AE780EC-3512-4C53-87E6-1D68956A2D61}.Release.ActiveCfg = Release|.NET
	EndGlobalSection
	GlobalSection(ExtensibilityGlobals) = postSolution
	EndGlobalSection
	GlobalSection(ExtensibilityAddIns) = postSolution
	EndGlobalSection
EndGlobal
