Microsoft Visual Studio Solution File, Format Version 7.00
Project("{FAE04EC0-301F-11D3-BF4B-00C04F79EFBC}") = "ch9_5", "ch9_5.csproj", "{96DA2FB3-1AA9-488F-AB43-48C248321476}"
EndProject
Global
	GlobalSection(SolutionConfiguration) = preSolution
		ConfigName.0 = Debug
		ConfigName.1 = Release
	EndGlobalSection
	GlobalSection(ProjectDependencies) = postSolution
	EndGlobalSection
	GlobalSection(ProjectConfiguration) = postSolution
		{96DA2FB3-1AA9-488F-AB43-48C248321476}.Debug.ActiveCfg = Debug|.NET
		{96DA2FB3-1AA9-488F-AB43-48C248321476}.Debug.Build.0 = Debug|.NET
		{96DA2FB3-1AA9-488F-AB43-48C248321476}.Release.ActiveCfg = Release|.NET
		{96DA2FB3-1AA9-488F-AB43-48C248321476}.Release.Build.0 = Release|.NET
	EndGlobalSection
	GlobalSection(ExtensibilityGlobals) = postSolution
	EndGlobalSection
	GlobalSection(ExtensibilityAddIns) = postSolution
	EndGlobalSection
EndGlobal
