Microsoft Visual Studio Solution File, Format Version 7.00
Project("{FAE04EC0-301F-11D3-BF4B-00C04F79EFBC}") = "ch7_6", "ch7_6.csproj", "{81233F48-FF14-4BD5-9CE4-1804F42EAF90}"
EndProject
Global
	GlobalSection(SolutionConfiguration) = preSolution
		ConfigName.0 = Debug
		ConfigName.1 = Release
	EndGlobalSection
	GlobalSection(ProjectDependencies) = postSolution
	EndGlobalSection
	GlobalSection(ProjectConfiguration) = postSolution
		{81233F48-FF14-4BD5-9CE4-1804F42EAF90}.Debug.ActiveCfg = Debug|.NET
		{81233F48-FF14-4BD5-9CE4-1804F42EAF90}.Debug.Build.0 = Debug|.NET
		{81233F48-FF14-4BD5-9CE4-1804F42EAF90}.Release.ActiveCfg = Release|.NET
		{81233F48-FF14-4BD5-9CE4-1804F42EAF90}.Release.Build.0 = Release|.NET
	EndGlobalSection
	GlobalSection(ExtensibilityGlobals) = postSolution
	EndGlobalSection
	GlobalSection(ExtensibilityAddIns) = postSolution
	EndGlobalSection
EndGlobal
