Microsoft Visual Studio Solution File, Format Version 8.00
Project("{FAE04EC0-301F-11D3-BF4B-00C04F79EFBC}") = "ch1_14", "ch1_14.csproj", "{AFB9B65F-90DA-4307-8167-1C9E23EE1381}"
	ProjectSection(ProjectDependencies) = postProject
	EndProjectSection
EndProject
Global
	GlobalSection(SolutionConfiguration) = preSolution
		Debug = Debug
		Release = Release
	EndGlobalSection
	GlobalSection(ProjectConfiguration) = postSolution
		{AFB9B65F-90DA-4307-8167-1C9E23EE1381}.Debug.ActiveCfg = Debug|.NET
		{AFB9B65F-90DA-4307-8167-1C9E23EE1381}.Debug.Build.0 = Debug|.NET
		{AFB9B65F-90DA-4307-8167-1C9E23EE1381}.Release.ActiveCfg = Release|.NET
		{AFB9B65F-90DA-4307-8167-1C9E23EE1381}.Release.Build.0 = Release|.NET
	EndGlobalSection
	GlobalSection(ExtensibilityGlobals) = postSolution
	EndGlobalSection
	GlobalSection(ExtensibilityAddIns) = postSolution
	EndGlobalSection
EndGlobal
