Microsoft Visual Studio Solution File, Format Version 7.00
Project("{FAE04EC0-301F-11D3-BF4B-00C04F79EFBC}") = "ch5_2", "ch5_2.csproj", "{75BA8CE9-F51F-44FF-BBD9-DA11B4121D82}"
EndProject
Global
	GlobalSection(SolutionConfiguration) = preSolution
		ConfigName.0 = Debug
		ConfigName.1 = Release
	EndGlobalSection
	GlobalSection(ProjectDependencies) = postSolution
	EndGlobalSection
	GlobalSection(ProjectConfiguration) = postSolution
		{75BA8CE9-F51F-44FF-BBD9-DA11B4121D82}.Debug.ActiveCfg = Debug|.NET
		{75BA8CE9-F51F-44FF-BBD9-DA11B4121D82}.Debug.Build.0 = Debug|.NET
		{75BA8CE9-F51F-44FF-BBD9-DA11B4121D82}.Release.ActiveCfg = Release|.NET
		{75BA8CE9-F51F-44FF-BBD9-DA11B4121D82}.Release.Build.0 = Release|.NET
	EndGlobalSection
	GlobalSection(ExtensibilityGlobals) = postSolution
	EndGlobalSection
	GlobalSection(ExtensibilityAddIns) = postSolution
	EndGlobalSection
EndGlobal
