Microsoft Visual Studio Solution File, Format Version 7.00
Project("{FAE04EC0-301F-11D3-BF4B-00C04F79EFBC}") = "ch1_1", "ch1_1.csproj", "{DD59379E-BEB0-429A-BE06-1421145E8952}"
EndProject
Global
	GlobalSection(SolutionConfiguration) = preSolution
		ConfigName.0 = Debug
		ConfigName.1 = Release
	EndGlobalSection
	GlobalSection(ProjectDependencies) = postSolution
	EndGlobalSection
	GlobalSection(ProjectConfiguration) = postSolution
		{DD59379E-BEB0-429A-BE06-1421145E8952}.Debug.ActiveCfg = Debug|.NET
		{DD59379E-BEB0-429A-BE06-1421145E8952}.Debug.Build.0 = Debug|.NET
		{DD59379E-BEB0-429A-BE06-1421145E8952}.Release.ActiveCfg = Release|.NET
		{DD59379E-BEB0-429A-BE06-1421145E8952}.Release.Build.0 = Release|.NET
	EndGlobalSection
	GlobalSection(ExtensibilityGlobals) = postSolution
	EndGlobalSection
	GlobalSection(ExtensibilityAddIns) = postSolution
	EndGlobalSection
EndGlobal
