
Microsoft Visual Studio Solution File, Format Version 10.00
# Visual Studio 2008
Project("{FAE04EC0-301F-11D3-BF4B-00C04F79EFBC}") = "ThreadControlEx109", "ThreadControlEx109\ThreadControlEx109.csproj", "{A3B0155A-3286-4795-9464-2AFC5C8A2680}"
EndProject
Global
	GlobalSection(SolutionConfigurationPlatforms) = preSolution
		Debug|Any CPU = Debug|Any CPU
		Release|Any CPU = Release|Any CPU
	EndGlobalSection
	GlobalSection(ProjectConfigurationPlatforms) = postSolution
		{A3B0155A-3286-4795-9464-2AFC5C8A2680}.Debug|Any CPU.ActiveCfg = Debug|Any CPU
		{A3B0155A-3286-4795-9464-2AFC5C8A2680}.Debug|Any CPU.Build.0 = Debug|Any CPU
		{A3B0155A-3286-4795-9464-2AFC5C8A2680}.Release|Any CPU.ActiveCfg = Release|Any CPU
		{A3B0155A-3286-4795-9464-2AFC5C8A2680}.Release|Any CPU.Build.0 = Release|Any CPU
	EndGlobalSection
	GlobalSection(SolutionProperties) = preSolution
		HideSolutionNode = FALSE
	EndGlobalSection
EndGlobal
