Microsoft Visual Studio Solution File, Format Version 7.00
Project("{FAE04EC0-301F-11D3-BF4B-00C04F79EFBC}") = "ch9_1", "ch9_1.csproj", "{10C7BF3D-3EB6-4D38-BFF5-4A6465D81B41}"
EndProject
Global
	GlobalSection(SolutionConfiguration) = preSolution
		ConfigName.0 = Debug
		ConfigName.1 = Release
	EndGlobalSection
	GlobalSection(ProjectDependencies) = postSolution
	EndGlobalSection
	GlobalSection(ProjectConfiguration) = postSolution
		{10C7BF3D-3EB6-4D38-BFF5-4A6465D81B41}.Debug.ActiveCfg = Debug|.NET
		{10C7BF3D-3EB6-4D38-BFF5-4A6465D81B41}.Debug.Build.0 = Debug|.NET
		{10C7BF3D-3EB6-4D38-BFF5-4A6465D81B41}.Release.ActiveCfg = Release|.NET
		{10C7BF3D-3EB6-4D38-BFF5-4A6465D81B41}.Release.Build.0 = Release|.NET
	EndGlobalSection
	GlobalSection(ExtensibilityGlobals) = postSolution
	EndGlobalSection
	GlobalSection(ExtensibilityAddIns) = postSolution
	EndGlobalSection
EndGlobal
