Microsoft Visual Studio Solution File, Format Version 7.00
Project("{FAE04EC0-301F-11D3-BF4B-00C04F79EFBC}") = "ch2_5", "ch2_5.csproj", "{5DB40975-2928-4345-85A4-2CEA406BEF49}"
EndProject
Global
	GlobalSection(SolutionConfiguration) = preSolution
		ConfigName.0 = Debug
		ConfigName.1 = Release
	EndGlobalSection
	GlobalSection(ProjectDependencies) = postSolution
	EndGlobalSection
	GlobalSection(ProjectConfiguration) = postSolution
		{5DB40975-2928-4345-85A4-2CEA406BEF49}.Debug.ActiveCfg = Debug|.NET
		{5DB40975-2928-4345-85A4-2CEA406BEF49}.Debug.Build.0 = Debug|.NET
		{5DB40975-2928-4345-85A4-2CEA406BEF49}.Release.ActiveCfg = Release|.NET
		{5DB40975-2928-4345-85A4-2CEA406BEF49}.Release.Build.0 = Release|.NET
	EndGlobalSection
	GlobalSection(ExtensibilityGlobals) = postSolution
	EndGlobalSection
	GlobalSection(ExtensibilityAddIns) = postSolution
	EndGlobalSection
EndGlobal
