Microsoft Visual Studio Solution File, Format Version 8.00
Project("{FAE04EC0-301F-11D3-BF4B-00C04F79EFBC}") = "ch6_4", "ch6_4.csproj", "{552DF4DE-6BF7-43CD-AD03-B26084E32D8D}"
	ProjectSection(ProjectDependencies) = postProject
	EndProjectSection
EndProject
Global
	GlobalSection(SolutionConfiguration) = preSolution
		Debug = Debug
		Release = Release
	EndGlobalSection
	GlobalSection(ProjectConfiguration) = postSolution
		{552DF4DE-6BF7-43CD-AD03-B26084E32D8D}.Debug.ActiveCfg = Debug|.NET
		{552DF4DE-6BF7-43CD-AD03-B26084E32D8D}.Debug.Build.0 = Debug|.NET
		{552DF4DE-6BF7-43CD-AD03-B26084E32D8D}.Release.ActiveCfg = Release|.NET
		{552DF4DE-6BF7-43CD-AD03-B26084E32D8D}.Release.Build.0 = Release|.NET
	EndGlobalSection
	GlobalSection(ExtensibilityGlobals) = postSolution
	EndGlobalSection
	GlobalSection(ExtensibilityAddIns) = postSolution
	EndGlobalSection
EndGlobal
