Microsoft Visual Studio Solution File, Format Version 9.00
# Visual Studio 2005
Project("{FAE04EC0-301F-11D3-BF4B-00C04F79EFBC}") = "ch1_1", "ch1_1.csproj", "{DD59379E-BEB0-429A-BE06-1421145E8952}"
EndProject
Global
	GlobalSection(SolutionConfigurationPlatforms) = preSolution
		Debug|Any CPU = Debug|Any CPU
		Release|Any CPU = Release|Any CPU
	EndGlobalSection
	GlobalSection(ProjectConfigurationPlatforms) = postSolution
		{DD59379E-BEB0-429A-BE06-1421145E8952}.Debug|Any CPU.ActiveCfg = Debug|Any CPU
		{DD59379E-BEB0-429A-BE06-1421145E8952}.Debug|Any CPU.Build.0 = Debug|Any CPU
		{DD59379E-BEB0-429A-BE06-1421145E8952}.Release|Any CPU.ActiveCfg = Release|Any CPU
		{DD59379E-BEB0-429A-BE06-1421145E8952}.Release|Any CPU.Build.0 = Release|Any CPU
	EndGlobalSection
	GlobalSection(SolutionProperties) = preSolution
		HideSolutionNode = FALSE
	EndGlobalSection
EndGlobal
