
Microsoft Visual Studio Solution File, Format Version 12.00
# Visual Studio 2012
Project("{FAE04EC0-301F-11D3-BF4B-00C04F79EFBC}") = "ThreadPoolEx105", "ThreadPoolEx105\ThreadPoolEx105.csproj", "{02DFD3D3-A958-47DD-B885-F19B205F6041}"
EndProject
Global
	GlobalSection(SolutionConfigurationPlatforms) = preSolution
		Debug|Any CPU = Debug|Any CPU
		Release|Any CPU = Release|Any CPU
	EndGlobalSection
	GlobalSection(ProjectConfigurationPlatforms) = postSolution
		{02DFD3D3-A958-47DD-B885-F19B205F6041}.Debug|Any CPU.ActiveCfg = Debug|Any CPU
		{02DFD3D3-A958-47DD-B885-F19B205F6041}.Debug|Any CPU.Build.0 = Debug|Any CPU
		{02DFD3D3-A958-47DD-B885-F19B205F6041}.Release|Any CPU.ActiveCfg = Release|Any CPU
		{02DFD3D3-A958-47DD-B885-F19B205F6041}.Release|Any CPU.Build.0 = Release|Any CPU
	EndGlobalSection
	GlobalSection(SolutionProperties) = preSolution
		HideSolutionNode = FALSE
	EndGlobalSection
EndGlobal
